{
  "version": 4,
  "terraform_version": "0.12.12",
  "serial": 37,
  "lineage": "3ccbfcfb-2a27-b414-a2fb-23864b968fe2",
  "outputs": {
    "cluster_name": {
      "value": "devops-paradox",
      "type": "string"
    },
    "region": {
      "value": "us-east1",
      "type": "string"
    }
  },
  "resources": [
    {
      "mode": "data",
      "type": "google_container_engine_versions",
      "name": "versions",
      "provider": "provider.google",
      "instances": [
        {
          "schema_version": 0,
          "attributes": {
            "default_cluster_version": "1.13.10-gke.0",
            "id": "2019-10-22 22:01:14.012242 +0000 UTC",
            "latest_master_version": "1.14.7-gke.10",
            "latest_node_version": "1.14.7-gke.10",
            "location": "us-east1",
            "project": null,
            "region": null,
            "valid_master_versions": [
              "1.14.7-gke.10",
              "1.14.6-gke.13",
              "1.14.6-gke.2",
              "1.14.6-gke.1",
              "1.13.11-gke.5",
              "1.13.10-gke.7",
              "1.13.10-gke.0",
              "1.13.9-gke.11",
              "1.13.9-gke.3",
              "1.13.7-gke.24",
              "1.12.10-gke.15"
            ],
            "valid_node_versions": [
              "1.14.7-gke.10",
              "1.14.6-gke.13",
              "1.14.6-gke.2",
              "1.14.6-gke.1",
              "1.14.3-gke.11",
              "1.14.3-gke.10",
              "1.14.3-gke.9",
              "1.14.2-gke.9",
              "1.14.1-gke.5",
              "1.13.11-gke.5",
              "1.13.10-gke.7",
              "1.13.10-gke.0",
              "1.13.9-gke.11",
              "1.13.9-gke.3",
              "1.13.7-gke.24",
              "1.13.7-gke.19",
              "1.13.7-gke.15",
              "1.13.7-gke.8",
              "1.13.7-gke.0",
              "1.13.6-gke.13",
              "1.13.6-gke.6",
              "1.13.6-gke.5",
              "1.13.6-gke.0",
              "1.13.5-gke.10",
              "1.12.10-gke.15",
              "1.12.10-gke.13",
              "1.12.10-gke.11",
              "1.12.10-gke.5",
              "1.12.9-gke.16",
              "1.12.9-gke.15",
              "1.12.9-gke.13",
              "1.12.9-gke.10",
              "1.12.9-gke.7",
              "1.12.9-gke.3",
              "1.12.8-gke.12",
              "1.12.8-gke.10",
              "1.12.8-gke.7",
              "1.12.8-gke.6",
              "1.12.7-gke.26",
              "1.12.7-gke.25",
              "1.12.7-gke.24",
              "1.12.7-gke.22",
              "1.12.7-gke.21",
              "1.12.7-gke.17",
              "1.12.7-gke.10",
              "1.12.7-gke.7",
              "1.12.6-gke.11",
              "1.12.6-gke.10",
              "1.12.6-gke.7",
              "1.12.5-gke.10",
              "1.12.5-gke.5",
              "1.11.10-gke.6",
              "1.11.10-gke.5",
              "1.11.10-gke.4",
              "1.11.9-gke.13",
              "1.11.9-gke.8",
              "1.11.9-gke.5",
              "1.11.8-gke.10",
              "1.11.8-gke.6",
              "1.11.8-gke.5",
              "1.11.8-gke.4",
              "1.11.7-gke.18",
              "1.11.7-gke.12",
              "1.11.7-gke.6",
              "1.11.7-gke.4",
              "1.11.6-gke.16",
              "1.11.6-gke.11",
              "1.11.6-gke.6",
              "1.11.6-gke.3",
              "1.11.6-gke.2",
              "1.11.6-gke.0",
              "1.11.5-gke.5",
              "1.11.5-gke.4",
              "1.11.4-gke.13",
              "1.11.4-gke.12",
              "1.11.4-gke.8",
              "1.11.3-gke.24",
              "1.11.3-gke.23",
              "1.11.3-gke.18",
              "1.11.2-gke.26",
              "1.11.2-gke.25",
              "1.11.2-gke.20",
              "1.11.2-gke.18",
              "1.11.2-gke.15",
              "1.11.2-gke.9",
              "1.10.12-gke.14",
              "1.10.12-gke.9",
              "1.10.12-gke.7",
              "1.10.12-gke.1",
              "1.10.12-gke.0",
              "1.10.11-gke.1",
              "1.10.9-gke.7",
              "1.10.9-gke.5",
              "1.10.9-gke.3",
              "1.10.9-gke.0",
              "1.10.7-gke.13",
              "1.10.7-gke.11",
              "1.10.7-gke.9",
              "1.10.7-gke.6",
              "1.10.7-gke.2",
              "1.10.7-gke.1",
              "1.10.6-gke.13",
              "1.10.6-gke.11",
              "1.10.6-gke.9",
              "1.10.6-gke.6",
              "1.10.6-gke.4",
              "1.10.6-gke.3",
              "1.10.6-gke.2",
              "1.10.6-gke.1",
              "1.10.5-gke.4",
              "1.10.5-gke.3",
              "1.10.5-gke.2",
              "1.10.5-gke.0",
              "1.10.4-gke.3",
              "1.10.4-gke.2",
              "1.10.4-gke.0",
              "1.10.2-gke.4",
              "1.10.2-gke.3",
              "1.10.2-gke.1",
              "1.9.7-gke.11",
              "1.9.7-gke.7",
              "1.9.7-gke.6",
              "1.9.7-gke.5",
              "1.9.7-gke.4",
              "1.9.7-gke.3",
              "1.9.7-gke.1",
              "1.9.7-gke.0",
              "1.9.6-gke.2",
              "1.9.6-gke.1",
              "1.9.3-gke.0",
              "1.8.12-gke.3",
              "1.8.12-gke.2",
              "1.8.12-gke.1",
              "1.8.12-gke.0",
              "1.8.10-gke.2",
              "1.8.10-gke.0",
              "1.8.9-gke.1",
              "1.8.8-gke.0",
              "1.7.15-gke.0",
              "1.7.12-gke.2",
              "1.6.13-gke.1"
            ],
            "version_prefix": null,
            "zone": null
          }
        }
      ]
    },
    {
      "mode": "managed",
      "type": "google_container_cluster",
      "name": "primary",
      "provider": "provider.google",
      "instances": [
        {
          "schema_version": 1,
          "attributes": {
            "additional_zones": [
              "us-east1-b",
              "us-east1-c",
              "us-east1-d"
            ],
            "addons_config": [
              {
                "horizontal_pod_autoscaling": [],
                "http_load_balancing": [],
                "kubernetes_dashboard": [
                  {
                    "disabled": true
                  }
                ],
                "network_policy_config": [
                  {
                    "disabled": true
                  }
                ]
              }
            ],
            "cluster_autoscaling": [],
            "cluster_ipv4_cidr": "10.32.0.0/14",
            "default_max_pods_per_node": 110,
            "description": "",
            "enable_binary_authorization": null,
            "enable_intranode_visibility": null,
            "enable_kubernetes_alpha": false,
            "enable_legacy_abac": false,
            "enable_tpu": null,
            "endpoint": "35.231.200.205",
            "id": "devops-paradox",
            "initial_node_count": 1,
            "instance_group_urls": [
              "https://www.googleapis.com/compute/v1/projects/devops-26/zones/us-east1-c/instanceGroups/gke-devops-paradox-devops-paradox-7452256d-grp",
              "https://www.googleapis.com/compute/v1/projects/devops-26/zones/us-east1-b/instanceGroups/gke-devops-paradox-devops-paradox-9c6267b1-grp",
              "https://www.googleapis.com/compute/v1/projects/devops-26/zones/us-east1-d/instanceGroups/gke-devops-paradox-devops-paradox-8d782b9b-grp"
            ],
            "ip_allocation_policy": [],
            "location": "us-east1",
            "logging_service": "logging.googleapis.com",
            "maintenance_policy": [],
            "master_auth": [
              {
                "client_certificate": "",
                "client_certificate_config": [
                  {
                    "issue_client_certificate": false
                  }
                ],
                "client_key": "",
                "cluster_ca_certificate": "LS0tLS1CRUdJTiBDRVJUSUZJQ0FURS0tLS0tCk1JSURERENDQWZTZ0F3SUJBZ0lSQU9teHN0enY4UzRkOUpHWDVETXllODh3RFFZSktvWklodmNOQVFFTEJRQXcKTHpFdE1Dc0dBMVVFQXhNa01UZ3dORFJsTTJRdFpERXdNQzAwTm1FNExUZ3hOVFl0TkRsaVlqbGhZV00xWmpVegpNQjRYRFRFNU1UQXlNakl3TURBME0xb1hEVEkwTVRBeU1ESXhNREEwTTFvd0x6RXRNQ3NHQTFVRUF4TWtNVGd3Ck5EUmxNMlF0WkRFd01DMDBObUU0TFRneE5UWXRORGxpWWpsaFlXTTFaalV6TUlJQklqQU5CZ2txaGtpRzl3MEIKQVFFRkFBT0NBUThBTUlJQkNnS0NBUUVBdEZ5a2dLa2pNTmZFNlIvVWpUeXBxSm1MMlJUKzJIRGIrMkVHQVo4VgpIR2duQmk3YkNSVUt1QjE4RExXRlMzNCtvTlI3RzQ4VlJGb1JHY3RpNFVYSzl3bGhYWUd0K3hVNEJjNTVaVWZNCm1sbFpTaDF6L0FOc3h1c0ZJYWdEUzU2Rk5Xd0c0V3VPN1JORVJCRm9Wa2k5TC9yMTEwK0xxTm5weUV5bkNWMkwKOUVweWErQmk1VmFidXQ1eU1hSWJoVEVlaVFsK3ZjOHpsL3E3dERxTnRrbGg3cnZjSGdYTktlcW9vL3BhZW84cgpGdFFIRDVFL2JVRXhXMlIxS2hTWGxlaHlDcjdwSzVFb2JVam1XcTFiK2RTM3pONlZqYi9lSk40UXdWNTlFRW9GCllqUFJwaEdpaEM1MWtCRDBqL01TOFZpbFNVbVM5a1hvUndqZk83dlpvcXNGN1FJREFRQUJveU13SVRBT0JnTlYKSFE4QkFmOEVCQU1DQWdRd0R3WURWUjBUQVFIL0JBVXdBd0VCL3pBTkJna3Foa2lHOXcwQkFRc0ZBQU9DQVFFQQpHb2h6RHRXQVI0ZTN0c1E0dDdXeWxXQ0dCTlpBK2Q0VXYrS01rYUJaYXdaNzVyM2h3aFhLQk9RSy9VV1hVRUtwCnNCREdoT01ONW5SSGh6QzRUcVVzNWZxVndxYnlGbWJjamoxaXkvS1B3b3cxTlFSVFptbkM2eEpOMkxLMkdCQmYKbFJkMFhZNGVOa3dPamllUHFuWmNqSVdQUVVZOU1SM0h4Y01CSUpRQWx2WEtNVUE5SUhlRWdtVWUzS3o4S2FuVApWU2wzamExRVRYMnNPZ3YvVGtJSHZJZDlXQzcvU0dGZWhqUE55UWNsWjc1cGtnZUFMOUZXQTQ5bTltRlZTOGw4CmxRL1RHOTByelE5YW1FdE0zUXA1QitZVGY1V1hoVHRNbTBqa204MGxNdHNwYTFYRXFnU0lUUDdZd0dPTGUzSUMKOFFNaWliN3JJMXJ6TEppSHNOeW16UT09Ci0tLS0tRU5EIENFUlRJRklDQVRFLS0tLS0K",
                "password": "",
                "username": ""
              }
            ],
            "master_authorized_networks_config": [],
            "master_version": "1.14.7-gke.10",
            "min_master_version": "1.14.7-gke.10",
            "monitoring_service": "monitoring.googleapis.com",
            "name": "devops-paradox",
            "network": "projects/devops-26/global/networks/default",
            "network_policy": [
              {
                "enabled": false,
                "provider": "PROVIDER_UNSPECIFIED"
              }
            ],
            "node_config": [
              {
                "disk_size_gb": 100,
                "disk_type": "pd-standard",
                "guest_accelerator": [],
                "image_type": "COS",
                "labels": {},
                "local_ssd_count": 0,
                "machine_type": "g1-small",
                "metadata": {
                  "disable-legacy-endpoints": "true"
                },
                "min_cpu_platform": "",
                "oauth_scopes": [
                  "https://www.googleapis.com/auth/logging.write",
                  "https://www.googleapis.com/auth/monitoring"
                ],
                "preemptible": true,
                "sandbox_config": [],
                "service_account": "default",
                "tags": [],
                "taint": [],
                "workload_metadata_config": []
              }
            ],
            "node_locations": [
              "us-east1-b",
              "us-east1-c",
              "us-east1-d"
            ],
            "node_pool": [
              {
                "autoscaling": [
                  {
                    "max_node_count": 3,
                    "min_node_count": 1
                  }
                ],
                "initial_node_count": 1,
                "instance_group_urls": [
                  "https://www.googleapis.com/compute/v1/projects/devops-26/zones/us-east1-c/instanceGroupManagers/gke-devops-paradox-devops-paradox-7452256d-grp",
                  "https://www.googleapis.com/compute/v1/projects/devops-26/zones/us-east1-b/instanceGroupManagers/gke-devops-paradox-devops-paradox-9c6267b1-grp",
                  "https://www.googleapis.com/compute/v1/projects/devops-26/zones/us-east1-d/instanceGroupManagers/gke-devops-paradox-devops-paradox-8d782b9b-grp"
                ],
                "management": [
                  {
                    "auto_repair": false,
                    "auto_upgrade": true
                  }
                ],
                "max_pods_per_node": 0,
                "name": "devops-paradox",
                "name_prefix": "",
                "node_config": [
                  {
                    "disk_size_gb": 100,
                    "disk_type": "pd-standard",
                    "guest_accelerator": [],
                    "image_type": "COS",
                    "labels": {},
                    "local_ssd_count": 0,
                    "machine_type": "g1-small",
                    "metadata": {
                      "disable-legacy-endpoints": "true"
                    },
                    "min_cpu_platform": "",
                    "oauth_scopes": [
                      "https://www.googleapis.com/auth/logging.write",
                      "https://www.googleapis.com/auth/monitoring"
                    ],
                    "preemptible": true,
                    "sandbox_config": [],
                    "service_account": "default",
                    "tags": [],
                    "taint": [],
                    "workload_metadata_config": []
                  }
                ],
                "node_count": 1,
                "version": "1.13.9-gke.11"
              }
            ],
            "node_version": "1.13.9-gke.11",
            "pod_security_policy_config": [],
            "private_cluster_config": [],
            "project": "devops-26",
            "region": "us-east1",
            "remove_default_node_pool": true,
            "resource_labels": {},
            "services_ipv4_cidr": "10.35.240.0/20",
            "subnetwork": "projects/devops-26/regions/us-east1/subnetworks/default",
            "timeouts": null,
            "zone": null
          },
          "private": "eyJlMmJmYjczMC1lY2FhLTExZTYtOGY4OC0zNDM2M2JjN2M0YzAiOnsiY3JlYXRlIjoxODAwMDAwMDAwMDAwLCJkZWxldGUiOjE4MDAwMDAwMDAwMDAsInVwZGF0ZSI6MzYwMDAwMDAwMDAwMH0sInNjaGVtYV92ZXJzaW9uIjoiMSJ9"
        }
      ]
    },
    {
      "mode": "managed",
      "type": "google_container_node_pool",
      "name": "primary_nodes",
      "provider": "provider.google",
      "instances": [
        {
          "schema_version": 1,
          "attributes": {
            "autoscaling": [
              {
                "max_node_count": 3,
                "min_node_count": 1
              }
            ],
            "cluster": "devops-paradox",
            "id": "us-east1/devops-paradox/devops-paradox",
            "initial_node_count": 1,
            "instance_group_urls": [
              "https://www.googleapis.com/compute/v1/projects/devops-26/zones/us-east1-c/instanceGroupManagers/gke-devops-paradox-devops-paradox-7452256d-grp",
              "https://www.googleapis.com/compute/v1/projects/devops-26/zones/us-east1-b/instanceGroupManagers/gke-devops-paradox-devops-paradox-9c6267b1-grp",
              "https://www.googleapis.com/compute/v1/projects/devops-26/zones/us-east1-d/instanceGroupManagers/gke-devops-paradox-devops-paradox-8d782b9b-grp"
            ],
            "location": "us-east1",
            "management": [
              {
                "auto_repair": false,
                "auto_upgrade": true
              }
            ],
            "max_pods_per_node": null,
            "name": "devops-paradox",
            "name_prefix": "",
            "node_config": [
              {
                "disk_size_gb": 100,
                "disk_type": "pd-standard",
                "guest_accelerator": [],
                "image_type": "COS",
                "labels": {},
                "local_ssd_count": 0,
                "machine_type": "g1-small",
                "metadata": {
                  "disable-legacy-endpoints": "true"
                },
                "min_cpu_platform": "",
                "oauth_scopes": [
                  "https://www.googleapis.com/auth/logging.write",
                  "https://www.googleapis.com/auth/monitoring"
                ],
                "preemptible": true,
                "sandbox_config": [],
                "service_account": "default",
                "tags": [],
                "taint": [],
                "workload_metadata_config": []
              }
            ],
            "node_count": 1,
            "project": "devops-26",
            "region": "us-east1",
            "timeouts": null,
            "version": "1.13.9-gke.11",
            "zone": null
          },
          "private": "eyJlMmJmYjczMC1lY2FhLTExZTYtOGY4OC0zNDM2M2JjN2M0YzAiOnsiY3JlYXRlIjoxODAwMDAwMDAwMDAwLCJkZWxldGUiOjYwMDAwMDAwMDAwMCwidXBkYXRlIjo2MDAwMDAwMDAwMDB9LCJzY2hlbWFfdmVyc2lvbiI6IjEifQ==",
          "depends_on": [
            "google_container_cluster.primary"
          ]
        }
      ]
    }
  ]
}
